
Microsoft Visual Studio Solution File, Format Version 12.00
# Visual Studio Version 16
VisualStudioVersion = 25.0.1706.11
MinimumVisualStudioVersion = 10.0.40219.1
Project("{FAE04EC0-301F-11D3-BF4B-00C04F79EFBC}") = "KoalaMenu", "KoalaMenu\KoalaMenu.csproj", "{08CAFE06-A76E-439E-80E9-BF3FC33E07BF}"
EndProject
Project("{FAE04EC0-301F-11D3-BF4B-00C04F79EFBC}") = "Database", "Database\Database.csproj", "{E5A22663-AC17-4E34-ABC1-19BA0AA34C41}"
EndProject
Project("{FAE04EC0-301F-11D3-BF4B-00C04F79EFBC}") = "KoalaKitchen", "KoalaKitchen\KoalaKitchen.csproj", "{44F194AE-BAF4-49D0-B23C-E8870F1E5D5F}"
EndProject
Project("{FAE04EC0-301F-11D3-BF4B-00C04F79EFBC}") = "KoalaWaiter", "KoalaWaiter\KoalaWaiter.csproj", "{0010941B-6802-445E-907F-70EFC3C8A5D2}"
EndProject
Project("{FAE04EC0-301F-11D3-BF4B-00C04F79EFBC}") = "KoalaReception", "KoalaReception\KoalaReception.csproj", "{CC96422F-5ACF-4A33-9E75-8105697DB212}"
EndProject
Project("{FAE04EC0-301F-11D3-BF4B-00C04F79EFBC}") = "KoalaPayment", "KoalaPayment\KoalaPayment.csproj", "{3A1D47DE-4C4C-4671-8D78-7E448DE97E89}"
EndProject
Project("{FAE04EC0-301F-11D3-BF4B-00C04F79EFBC}") = "KoalaManagement", "KoalaManagement\KoalaManagement.csproj", "{51DDBA34-801A-4169-843A-21E9CFC71588}"
EndProject
Global
	GlobalSection(SolutionConfigurationPlatforms) = preSolution
		Debug|Any CPU = Debug|Any CPU
		Release|Any CPU = Release|Any CPU
	EndGlobalSection
	GlobalSection(ProjectConfigurationPlatforms) = postSolution
		{08CAFE06-A76E-439E-80E9-BF3FC33E07BF}.Debug|Any CPU.ActiveCfg = Debug|Any CPU
		{08CAFE06-A76E-439E-80E9-BF3FC33E07BF}.Debug|Any CPU.Build.0 = Debug|Any CPU
		{08CAFE06-A76E-439E-80E9-BF3FC33E07BF}.Release|Any CPU.ActiveCfg = Release|Any CPU
		{08CAFE06-A76E-439E-80E9-BF3FC33E07BF}.Release|Any CPU.Build.0 = Release|Any CPU
		{E5A22663-AC17-4E34-ABC1-19BA0AA34C41}.Debug|Any CPU.ActiveCfg = Debug|Any CPU
		{E5A22663-AC17-4E34-ABC1-19BA0AA34C41}.Debug|Any CPU.Build.0 = Debug|Any CPU
		{E5A22663-AC17-4E34-ABC1-19BA0AA34C41}.Release|Any CPU.ActiveCfg = Release|Any CPU
		{E5A22663-AC17-4E34-ABC1-19BA0AA34C41}.Release|Any CPU.Build.0 = Release|Any CPU
		{44F194AE-BAF4-49D0-B23C-E8870F1E5D5F}.Debug|Any CPU.ActiveCfg = Debug|Any CPU
		{44F194AE-BAF4-49D0-B23C-E8870F1E5D5F}.Debug|Any CPU.Build.0 = Debug|Any CPU
		{44F194AE-BAF4-49D0-B23C-E8870F1E5D5F}.Release|Any CPU.ActiveCfg = Release|Any CPU
		{44F194AE-BAF4-49D0-B23C-E8870F1E5D5F}.Release|Any CPU.Build.0 = Release|Any CPU
		{0010941B-6802-445E-907F-70EFC3C8A5D2}.Debug|Any CPU.ActiveCfg = Debug|Any CPU
		{0010941B-6802-445E-907F-70EFC3C8A5D2}.Debug|Any CPU.Build.0 = Debug|Any CPU
		{0010941B-6802-445E-907F-70EFC3C8A5D2}.Release|Any CPU.ActiveCfg = Release|Any CPU
		{0010941B-6802-445E-907F-70EFC3C8A5D2}.Release|Any CPU.Build.0 = Release|Any CPU
		{CC96422F-5ACF-4A33-9E75-8105697DB212}.Debug|Any CPU.ActiveCfg = Debug|Any CPU
		{CC96422F-5ACF-4A33-9E75-8105697DB212}.Debug|Any CPU.Build.0 = Debug|Any CPU
		{CC96422F-5ACF-4A33-9E75-8105697DB212}.Release|Any CPU.ActiveCfg = Release|Any CPU
		{CC96422F-5ACF-4A33-9E75-8105697DB212}.Release|Any CPU.Build.0 = Release|Any CPU
		{3A1D47DE-4C4C-4671-8D78-7E448DE97E89}.Debug|Any CPU.ActiveCfg = Debug|Any CPU
		{3A1D47DE-4C4C-4671-8D78-7E448DE97E89}.Debug|Any CPU.Build.0 = Debug|Any CPU
		{3A1D47DE-4C4C-4671-8D78-7E448DE97E89}.Release|Any CPU.ActiveCfg = Release|Any CPU
		{3A1D47DE-4C4C-4671-8D78-7E448DE97E89}.Release|Any CPU.Build.0 = Release|Any CPU
		{51DDBA34-801A-4169-843A-21E9CFC71588}.Debug|Any CPU.ActiveCfg = Debug|Any CPU
		{51DDBA34-801A-4169-843A-21E9CFC71588}.Debug|Any CPU.Build.0 = Debug|Any CPU
		{51DDBA34-801A-4169-843A-21E9CFC71588}.Release|Any CPU.ActiveCfg = Release|Any CPU
		{51DDBA34-801A-4169-843A-21E9CFC71588}.Release|Any CPU.Build.0 = Release|Any CPU
	EndGlobalSection
	GlobalSection(SolutionProperties) = preSolution
		HideSolutionNode = FALSE
	EndGlobalSection
	GlobalSection(ExtensibilityGlobals) = postSolution
		SolutionGuid = {DE0F7D74-4236-4065-8848-9C6F09B9319C}
	EndGlobalSection
	GlobalSection(MonoDevelopProperties) = preSolution
		Policies = $0
		$0.DotNetNamingPolicy = $1
		$1.DirectoryNamespaceAssociation = PrefixedHierarchical
		$0.TextStylePolicy = $2
		$2.inheritsSet = null
		$2.scope = application/xaml
		$0.XmlFormattingPolicy = $3
		$3.inheritsSet = null
		$3.scope = application/xaml
		$0.TextStylePolicy = $4
		$4.inheritsSet = null
		$4.scope = text/x-json
	EndGlobalSection
EndGlobal
